github.com/gorilla/mux v1.7.3 h1:gnP5JzjVOuiZD07fKKToCAOjS0yOpj/qPETTXCCS6hw=
github.com/gorilla/mux v1.7.3/go.mod h1:1lud6UwP+6orDFRuTfBEV8e9/aOM/c4fVVCaMa2zaAs=
github.com/jchannon/negotiator v0.0.0-20160316153602-775415799f89 h1:1B2GJfeTZqj20HKpY92X9u2JXN6onF4Lj/BkddFc5hI=
github.com/jchannon/negotiator v0.0.0-20160316153602-775415799f89/go.mod h1:Ovk708lLTL/MIm+VnlRBHmEZHM/HKOgoEl/NDHVg9Zs=
github.com/matryer/respond v1.0.1 h1:RSG07jdn32pH46t4UO1TnpnKlR/ayIpEa4aiK2f9k1U=
github.com/matryer/respond v1.0.1/go.mod h1:XHpqRsK4LZQgk6twGA/CrtxNBaayoYiKUqj0Mjkj3Hg=
